
Microsoft Visual Studio Solution File, Format Version 12.00
# Visual Studio Version 16
VisualStudioVersion = 16.0.31402.337
MinimumVisualStudioVersion = 10.0.40219.1
Project("{FAE04EC0-301F-11D3-BF4B-00C04F79EFBC}") = "Storm", "Repoxis\Storm.csproj", "{247F3473-C32B-4178-B972-3CB6897AD9BC}"
EndProject
Global
	GlobalSection(SolutionConfigurationPlatforms) = preSolution
		Debug|Any CPU = Debug|Any CPU
		Release|Any CPU = Release|Any CPU
	EndGlobalSection
	GlobalSection(ProjectConfigurationPlatforms) = postSolution
		{247F3473-C32B-4178-B972-3CB6897AD9BC}.Debug|Any CPU.ActiveCfg = Debug|Any CPU
		{247F3473-C32B-4178-B972-3CB6897AD9BC}.Debug|Any CPU.Build.0 = Debug|Any CPU
		{247F3473-C32B-4178-B972-3CB6897AD9BC}.Release|Any CPU.ActiveCfg = Release|Any CPU
		{247F3473-C32B-4178-B972-3CB6897AD9BC}.Release|Any CPU.Build.0 = Release|Any CPU
	EndGlobalSection
	GlobalSection(SolutionProperties) = preSolution
		HideSolutionNode = FALSE
	EndGlobalSection
	GlobalSection(ExtensibilityGlobals) = postSolution
		SolutionGuid = {1A2A2FF9-7753-42AF-A4F6-BD15BBCAAF4B}
	EndGlobalSection
EndGlobal
